// !$*UTF8*$!
{
	archiveVersion = 1;
	classes = {
	};
	objectVersion = 50;
	objects = {

/* Begin PBXBuildFile section */
		C24E0913262D382A00FFD5FE /* SwiftUIWatchConnectivityApp.swift in Sources */ = {isa = PBXBuildFile; fileRef = C24E0912262D382A00FFD5FE /* SwiftUIWatchConnectivityApp.swift */; };
		C24E0917262D382B00FFD5FE /* Assets.xcassets in Resources */ = {isa = PBXBuildFile; fileRef = C24E0916262D382B00FFD5FE /* Assets.xcassets */; };
		C24E091A262D382B00FFD5FE /* Preview Assets.xcassets in Resources */ = {isa = PBXBuildFile; fileRef = C24E0919262D382B00FFD5FE /* Preview Assets.xcassets */; };
		C24E091F262D382B00FFD5FE /* SwiftUIWatchConnectivity WatchKit App.app in Embed Watch Content */ = {isa = PBXBuildFile; fileRef = C24E091E262D382B00FFD5FE /* SwiftUIWatchConnectivity WatchKit App.app */; settings = {ATTRIBUTES = (RemoveHeadersOnCopy, ); }; };
		C24E0924262D382C00FFD5FE /* Assets.xcassets in Resources */ = {isa = PBXBuildFile; fileRef = C24E0923262D382C00FFD5FE /* Assets.xcassets */; };
		C24E092B262D382C00FFD5FE /* SwiftUIWatchConnectivity WatchKit Extension.appex in Embed App Extensions */ = {isa = PBXBuildFile; fileRef = C24E092A262D382C00FFD5FE /* SwiftUIWatchConnectivity WatchKit Extension.appex */; settings = {ATTRIBUTES = (RemoveHeadersOnCopy, ); }; };
		C24E0932262D382C00FFD5FE /* SwiftUIWatchConnectivityApp.swift in Sources */ = {isa = PBXBuildFile; fileRef = C24E0931262D382C00FFD5FE /* SwiftUIWatchConnectivityApp.swift */; };
		C24E0934262D382C00FFD5FE /* ComplicationController.swift in Sources */ = {isa = PBXBuildFile; fileRef = C24E0933262D382C00FFD5FE /* ComplicationController.swift */; };
		C24E0936262D382C00FFD5FE /* Assets.xcassets in Resources */ = {isa = PBXBuildFile; fileRef = C24E0935262D382C00FFD5FE /* Assets.xcassets */; };
		C24E0939262D382C00FFD5FE /* Preview Assets.xcassets in Resources */ = {isa = PBXBuildFile; fileRef = C24E0938262D382C00FFD5FE /* Preview Assets.xcassets */; };
		C24E094C262D384E00FFD5FE /* ContentView.swift in Sources */ = {isa = PBXBuildFile; fileRef = C24E0949262D384E00FFD5FE /* ContentView.swift */; };
		C24E094D262D384E00FFD5FE /* ContentView.swift in Sources */ = {isa = PBXBuildFile; fileRef = C24E0949262D384E00FFD5FE /* ContentView.swift */; };
		C24E094E262D384E00FFD5FE /* Counter.swift in Sources */ = {isa = PBXBuildFile; fileRef = C24E094A262D384E00FFD5FE /* Counter.swift */; };
		C24E094F262D384E00FFD5FE /* Counter.swift in Sources */ = {isa = PBXBuildFile; fileRef = C24E094A262D384E00FFD5FE /* Counter.swift */; };
		C24E0950262D384E00FFD5FE /* SessionDelegator.swift in Sources */ = {isa = PBXBuildFile; fileRef = C24E094B262D384E00FFD5FE /* SessionDelegator.swift */; };
		C24E0951262D384E00FFD5FE /* SessionDelegator.swift in Sources */ = {isa = PBXBuildFile; fileRef = C24E094B262D384E00FFD5FE /* SessionDelegator.swift */; };
/* End PBXBuildFile section */

/* Begin PBXContainerItemProxy section */
		C24E0920262D382B00FFD5FE /* PBXContainerItemProxy */ = {
			isa = PBXContainerItemProxy;
			containerPortal = C24E0907262D382A00FFD5FE /* Project object */;
			proxyType = 1;
			remoteGlobalIDString = C24E091D262D382B00FFD5FE;
			remoteInfo = "SwiftUIWatchConnectivity WatchKit App";
		};
		C24E092C262D382C00FFD5FE /* PBXContainerItemProxy */ = {
			isa = PBXContainerItemProxy;
			containerPortal = C24E0907262D382A00FFD5FE /* Project object */;
			proxyType = 1;
			remoteGlobalIDString = C24E0929262D382C00FFD5FE;
			remoteInfo = "SwiftUIWatchConnectivity WatchKit Extension";
		};
/* End PBXContainerItemProxy section */

/* Begin PBXCopyFilesBuildPhase section */
		C24E0940262D382C00FFD5FE /* Embed App Extensions */ = {
			isa = PBXCopyFilesBuildPhase;
			buildActionMask = 2147483647;
			dstPath = "";
			dstSubfolderSpec = 13;
			files = (
				C24E092B262D382C00FFD5FE /* SwiftUIWatchConnectivity WatchKit Extension.appex in Embed App Extensions */,
			);
			name = "Embed App Extensions";
			runOnlyForDeploymentPostprocessing = 0;
		};
		C24E0944262D382C00FFD5FE /* Embed Watch Content */ = {
			isa = PBXCopyFilesBuildPhase;
			buildActionMask = 2147483647;
			dstPath = "$(CONTENTS_FOLDER_PATH)/Watch";
			dstSubfolderSpec = 16;
			files = (
				C24E091F262D382B00FFD5FE /* SwiftUIWatchConnectivity WatchKit App.app in Embed Watch Content */,
			);
			name = "Embed Watch Content";
			runOnlyForDeploymentPostprocessing = 0;
		};
/* End PBXCopyFilesBuildPhase section */

/* Begin PBXFileReference section */
		C24E090F262D382A00FFD5FE /* SwiftUIWatchConnectivity.app */ = {isa = PBXFileReference; explicitFileType = wrapper.application; includeInIndex = 0; path = SwiftUIWatchConnectivity.app; sourceTree = BUILT_PRODUCTS_DIR; };
		C24E0912262D382A00FFD5FE /* SwiftUIWatchConnectivityApp.swift */ = {isa = PBXFileReference; lastKnownFileType = sourcecode.swift; path = SwiftUIWatchConnectivityApp.swift; sourceTree = "<group>"; };
		C24E0916262D382B00FFD5FE /* Assets.xcassets */ = {isa = PBXFileReference; lastKnownFileType = folder.assetcatalog; path = Assets.xcassets; sourceTree = "<group>"; };
		C24E0919262D382B00FFD5FE /* Preview Assets.xcassets */ = {isa = PBXFileReference; lastKnownFileType = folder.assetcatalog; path = "Preview Assets.xcassets"; sourceTree = "<group>"; };
		C24E091B262D382B00FFD5FE /* Info.plist */ = {isa = PBXFileReference; lastKnownFileType = text.plist.xml; path = Info.plist; sourceTree = "<group>"; };
		C24E091E262D382B00FFD5FE /* SwiftUIWatchConnectivity WatchKit App.app */ = {isa = PBXFileReference; explicitFileType = wrapper.application; includeInIndex = 0; path = "SwiftUIWatchConnectivity WatchKit App.app"; sourceTree = BUILT_PRODUCTS_DIR; };
		C24E0923262D382C00FFD5FE /* Assets.xcassets */ = {isa = PBXFileReference; lastKnownFileType = folder.assetcatalog; path = Assets.xcassets; sourceTree = "<group>"; };
		C24E0925262D382C00FFD5FE /* Info.plist */ = {isa = PBXFileReference; lastKnownFileType = text.plist.xml; path = Info.plist; sourceTree = "<group>"; };
		C24E092A262D382C00FFD5FE /* SwiftUIWatchConnectivity WatchKit Extension.appex */ = {isa = PBXFileReference; explicitFileType = "wrapper.app-extension"; includeInIndex = 0; path = "SwiftUIWatchConnectivity WatchKit Extension.appex"; sourceTree = BUILT_PRODUCTS_DIR; };
		C24E0931262D382C00FFD5FE /* SwiftUIWatchConnectivityApp.swift */ = {isa = PBXFileReference; lastKnownFileType = sourcecode.swift; path = SwiftUIWatchConnectivityApp.swift; sourceTree = "<group>"; };
		C24E0933262D382C00FFD5FE /* ComplicationController.swift */ = {isa = PBXFileReference; lastKnownFileType = sourcecode.swift; path = ComplicationController.swift; sourceTree = "<group>"; };
		C24E0935262D382C00FFD5FE /* Assets.xcassets */ = {isa = PBXFileReference; lastKnownFileType = folder.assetcatalog; path = Assets.xcassets; sourceTree = "<group>"; };
		C24E0938262D382C00FFD5FE /* Preview Assets.xcassets */ = {isa = PBXFileReference; lastKnownFileType = folder.assetcatalog; path = "Preview Assets.xcassets"; sourceTree = "<group>"; };
		C24E093A262D382C00FFD5FE /* Info.plist */ = {isa = PBXFileReference; lastKnownFileType = text.plist.xml; path = Info.plist; sourceTree = "<group>"; };
		C24E0949262D384E00FFD5FE /* ContentView.swift */ = {isa = PBXFileReference; fileEncoding = 4; lastKnownFileType = sourcecode.swift; path = ContentView.swift; sourceTree = "<group>"; };
		C24E094A262D384E00FFD5FE /* Counter.swift */ = {isa = PBXFileReference; fileEncoding = 4; lastKnownFileType = sourcecode.swift; path = Counter.swift; sourceTree = "<group>"; };
		C24E094B262D384E00FFD5FE /* SessionDelegator.swift */ = {isa = PBXFileReference; fileEncoding = 4; lastKnownFileType = sourcecode.swift; path = SessionDelegator.swift; sourceTree = "<group>"; };
/* End PBXFileReference section */

/* Begin PBXFrameworksBuildPhase section */
		C24E090C262D382A00FFD5FE /* Frameworks */ = {
			isa = PBXFrameworksBuildPhase;
			buildActionMask = 2147483647;
			files = (
			);
			runOnlyForDeploymentPostprocessing = 0;
		};
		C24E0927262D382C00FFD5FE /* Frameworks */ = {
			isa = PBXFrameworksBuildPhase;
			buildActionMask = 2147483647;
			files = (
			);
			runOnlyForDeploymentPostprocessing = 0;
		};
/* End PBXFrameworksBuildPhase section */

/* Begin PBXGroup section */
		C24E0906262D382A00FFD5FE = {
			isa = PBXGroup;
			children = (
				C24E0948262D383200FFD5FE /* Shared */,
				C24E0911262D382A00FFD5FE /* SwiftUIWatchConnectivity */,
				C24E0922262D382B00FFD5FE /* SwiftUIWatchConnectivity WatchKit App */,
				C24E092E262D382C00FFD5FE /* SwiftUIWatchConnectivity WatchKit Extension */,
				C24E0910262D382A00FFD5FE /* Products */,
			);
			sourceTree = "<group>";
		};
		C24E0910262D382A00FFD5FE /* Products */ = {
			isa = PBXGroup;
			children = (
				C24E090F262D382A00FFD5FE /* SwiftUIWatchConnectivity.app */,
				C24E091E262D382B00FFD5FE /* SwiftUIWatchConnectivity WatchKit App.app */,
				C24E092A262D382C00FFD5FE /* SwiftUIWatchConnectivity WatchKit Extension.appex */,
			);
			name = Products;
			sourceTree = "<group>";
		};
		C24E0911262D382A00FFD5FE /* SwiftUIWatchConnectivity */ = {
			isa = PBXGroup;
			children = (
				C24E0912262D382A00FFD5FE /* SwiftUIWatchConnectivityApp.swift */,
				C24E0916262D382B00FFD5FE /* Assets.xcassets */,
				C24E091B262D382B00FFD5FE /* Info.plist */,
				C24E0918262D382B00FFD5FE /* Preview Content */,
			);
			path = SwiftUIWatchConnectivity;
			sourceTree = "<group>";
		};
		C24E0918262D382B00FFD5FE /* Preview Content */ = {
			isa = PBXGroup;
			children = (
				C24E0919262D382B00FFD5FE /* Preview Assets.xcassets */,
			);
			path = "Preview Content";
			sourceTree = "<group>";
		};
		C24E0922262D382B00FFD5FE /* SwiftUIWatchConnectivity WatchKit App */ = {
			isa = PBXGroup;
			children = (
				C24E0923262D382C00FFD5FE /* Assets.xcassets */,
				C24E0925262D382C00FFD5FE /* Info.plist */,
			);
			path = "SwiftUIWatchConnectivity WatchKit App";
			sourceTree = "<group>";
		};
		C24E092E262D382C00FFD5FE /* SwiftUIWatchConnectivity WatchKit Extension */ = {
			isa = PBXGroup;
			children = (
				C24E0931262D382C00FFD5FE /* SwiftUIWatchConnectivityApp.swift */,
				C24E0933262D382C00FFD5FE /* ComplicationController.swift */,
				C24E0935262D382C00FFD5FE /* Assets.xcassets */,
				C24E093A262D382C00FFD5FE /* Info.plist */,
				C24E0937262D382C00FFD5FE /* Preview Content */,
			);
			path = "SwiftUIWatchConnectivity WatchKit Extension";
			sourceTree = "<group>";
		};
		C24E0937262D382C00FFD5FE /* Preview Content */ = {
			isa = PBXGroup;
			children = (
				C24E0938262D382C00FFD5FE /* Preview Assets.xcassets */,
			);
			path = "Preview Content";
			sourceTree = "<group>";
		};
		C24E0948262D383200FFD5FE /* Shared */ = {
			isa = PBXGroup;
			children = (
				C24E0949262D384E00FFD5FE /* ContentView.swift */,
				C24E094A262D384E00FFD5FE /* Counter.swift */,
				C24E094B262D384E00FFD5FE /* SessionDelegator.swift */,
			);
			path = Shared;
			sourceTree = "<group>";
		};
/* End PBXGroup section */

/* Begin PBXNativeTarget section */
		C24E090E262D382A00FFD5FE /* SwiftUIWatchConnectivity */ = {
			isa = PBXNativeTarget;
			buildConfigurationList = C24E0945262D382C00FFD5FE /* Build configuration list for PBXNativeTarget "SwiftUIWatchConnectivity" */;
			buildPhases = (
				C24E090B262D382A00FFD5FE /* Sources */,
				C24E090C262D382A00FFD5FE /* Frameworks */,
				C24E090D262D382A00FFD5FE /* Resources */,
				C24E0944262D382C00FFD5FE /* Embed Watch Content */,
			);
			buildRules = (
			);
			dependencies = (
				C24E0921262D382B00FFD5FE /* PBXTargetDependency */,
			);
			name = SwiftUIWatchConnectivity;
			productName = SwiftUIWatchConnectivity;
			productReference = C24E090F262D382A00FFD5FE /* SwiftUIWatchConnectivity.app */;
			productType = "com.apple.product-type.application";
		};
		C24E091D262D382B00FFD5FE /* SwiftUIWatchConnectivity WatchKit App */ = {
			isa = PBXNativeTarget;
			buildConfigurationList = C24E0941262D382C00FFD5FE /* Build configuration list for PBXNativeTarget "SwiftUIWatchConnectivity WatchKit App" */;
			buildPhases = (
				C24E091C262D382B00FFD5FE /* Resources */,
				C24E0940262D382C00FFD5FE /* Embed App Extensions */,
			);
			buildRules = (
			);
			dependencies = (
				C24E092D262D382C00FFD5FE /* PBXTargetDependency */,
			);
			name = "SwiftUIWatchConnectivity WatchKit App";
			productName = "SwiftUIWatchConnectivity WatchKit App";
			productReference = C24E091E262D382B00FFD5FE /* SwiftUIWatchConnectivity WatchKit App.app */;
			productType = "com.apple.product-type.application.watchapp2";
		};
		C24E0929262D382C00FFD5FE /* SwiftUIWatchConnectivity WatchKit Extension */ = {
			isa = PBXNativeTarget;
			buildConfigurationList = C24E093D262D382C00FFD5FE /* Build configuration list for PBXNativeTarget "SwiftUIWatchConnectivity WatchKit Extension" */;
			buildPhases = (
				C24E0926262D382C00FFD5FE /* Sources */,
				C24E0927262D382C00FFD5FE /* Frameworks */,
				C24E0928262D382C00FFD5FE /* Resources */,
			);
			buildRules = (
			);
			dependencies = (
			);
			name = "SwiftUIWatchConnectivity WatchKit Extension";
			productName = "SwiftUIWatchConnectivity WatchKit Extension";
			productReference = C24E092A262D382C00FFD5FE /* SwiftUIWatchConnectivity WatchKit Extension.appex */;
			productType = "com.apple.product-type.watchkit2-extension";
		};
/* End PBXNativeTarget section */

/* Begin PBXProject section */
		C24E0907262D382A00FFD5FE /* Project object */ = {
			isa = PBXProject;
			attributes = {
				LastSwiftUpdateCheck = 1250;
				LastUpgradeCheck = 1250;
				TargetAttributes = {
					C24E090E262D382A00FFD5FE = {
						CreatedOnToolsVersion = 12.5;
					};
					C24E091D262D382B00FFD5FE = {
						CreatedOnToolsVersion = 12.5;
					};
					C24E0929262D382C00FFD5FE = {
						CreatedOnToolsVersion = 12.5;
					};
				};
			};
			buildConfigurationList = C24E090A262D382A00FFD5FE /* Build configuration list for PBXProject "SwiftUIWatchConnectivity" */;
			compatibilityVersion = "Xcode 9.3";
			developmentRegion = en;
			hasScannedForEncodings = 0;
			knownRegions = (
				en,
				Base,
			);
			mainGroup = C24E0906262D382A00FFD5FE;
			productRefGroup = C24E0910262D382A00FFD5FE /* Products */;
			projectDirPath = "";
			projectRoot = "";
			targets = (
				C24E090E262D382A00FFD5FE /* SwiftUIWatchConnectivity */,
				C24E091D262D382B00FFD5FE /* SwiftUIWatchConnectivity WatchKit App */,
				C24E0929262D382C00FFD5FE /* SwiftUIWatchConnectivity WatchKit Extension */,
			);
		};
/* End PBXProject section */

/* Begin PBXResourcesBuildPhase section */
		C24E090D262D382A00FFD5FE /* Resources */ = {
			isa = PBXResourcesBuildPhase;
			buildActionMask = 2147483647;
			files = (
				C24E091A262D382B00FFD5FE /* Preview Assets.xcassets in Resources */,
				C24E0917262D382B00FFD5FE /* Assets.xcassets in Resources */,
			);
			runOnlyForDeploymentPostprocessing = 0;
		};
		C24E091C262D382B00FFD5FE /* Resources */ = {
			isa = PBXResourcesBuildPhase;
			buildActionMask = 2147483647;
			files = (
				C24E0924262D382C00FFD5FE /* Assets.xcassets in Resources */,
			);
			runOnlyForDeploymentPostprocessing = 0;
		};
		C24E0928262D382C00FFD5FE /* Resources */ = {
			isa = PBXResourcesBuildPhase;
			buildActionMask = 2147483647;
			files = (
				C24E0939262D382C00FFD5FE /* Preview Assets.xcassets in Resources */,
				C24E0936262D382C00FFD5FE /* Assets.xcassets in Resources */,
			);
			runOnlyForDeploymentPostprocessing = 0;
		};
/* End PBXResourcesBuildPhase section */

/* Begin PBXSourcesBuildPhase section */
		C24E090B262D382A00FFD5FE /* Sources */ = {
			isa = PBXSourcesBuildPhase;
			buildActionMask = 2147483647;
			files = (
				C24E094E262D384E00FFD5FE /* Counter.swift in Sources */,
				C24E0950262D384E00FFD5FE /* SessionDelegator.swift in Sources */,
				C24E0913262D382A00FFD5FE /* SwiftUIWatchConnectivityApp.swift in Sources */,
				C24E094C262D384E00FFD5FE /* ContentView.swift in Sources */,
			);
			runOnlyForDeploymentPostprocessing = 0;
		};
		C24E0926262D382C00FFD5FE /* Sources */ = {
			isa = PBXSourcesBuildPhase;
			buildActionMask = 2147483647;
			files = (
				C24E094F262D384E00FFD5FE /* Counter.swift in Sources */,
				C24E0932262D382C00FFD5FE /* SwiftUIWatchConnectivityApp.swift in Sources */,
				C24E0951262D384E00FFD5FE /* SessionDelegator.swift in Sources */,
				C24E094D262D384E00FFD5FE /* ContentView.swift in Sources */,
				C24E0934262D382C00FFD5FE /* ComplicationController.swift in Sources */,
			);
			runOnlyForDeploymentPostprocessing = 0;
		};
/* End PBXSourcesBuildPhase section */

/* Begin PBXTargetDependency section */
		C24E0921262D382B00FFD5FE /* PBXTargetDependency */ = {
			isa = PBXTargetDependency;
			target = C24E091D262D382B00FFD5FE /* SwiftUIWatchConnectivity WatchKit App */;
			targetProxy = C24E0920262D382B00FFD5FE /* PBXContainerItemProxy */;
		};
		C24E092D262D382C00FFD5FE /* PBXTargetDependency */ = {
			isa = PBXTargetDependency;
			target = C24E0929262D382C00FFD5FE /* SwiftUIWatchConnectivity WatchKit Extension */;
			targetProxy = C24E092C262D382C00FFD5FE /* PBXContainerItemProxy */;
		};
/* End PBXTargetDependency section */

/* Begin XCBuildConfiguration section */
		C24E093B262D382C00FFD5FE /* Debug */ = {
			isa = XCBuildConfiguration;
			buildSettings = {
				ALWAYS_SEARCH_USER_PATHS = NO;
				CLANG_ANALYZER_NONNULL = YES;
				CLANG_ANALYZER_NUMBER_OBJECT_CONVERSION = YES_AGGRESSIVE;
				CLANG_CXX_LANGUAGE_STANDARD = "gnu++14";
				CLANG_CXX_LIBRARY = "libc++";
				CLANG_ENABLE_MODULES = YES;
				CLANG_ENABLE_OBJC_ARC = YES;
				CLANG_ENABLE_OBJC_WEAK = YES;
				CLANG_WARN_BLOCK_CAPTURE_AUTORELEASING = YES;
				CLANG_WARN_BOOL_CONVERSION = YES;
				CLANG_WARN_COMMA = YES;
				CLANG_WARN_CONSTANT_CONVERSION = YES;
				CLANG_WARN_DEPRECATED_OBJC_IMPLEMENTATIONS = YES;
				CLANG_WARN_DIRECT_OBJC_ISA_USAGE = YES_ERROR;
				CLANG_WARN_DOCUMENTATION_COMMENTS = YES;
				CLANG_WARN_EMPTY_BODY = YES;
				CLANG_WARN_ENUM_CONVERSION = YES;
				CLANG_WARN_INFINITE_RECURSION = YES;
				CLANG_WARN_INT_CONVERSION = YES;
				CLANG_WARN_NON_LITERAL_NULL_CONVERSION = YES;
				CLANG_WARN_OBJC_IMPLICIT_RETAIN_SELF = YES;
				CLANG_WARN_OBJC_LITERAL_CONVERSION = YES;
				CLANG_WARN_OBJC_ROOT_CLASS = YES_ERROR;
				CLANG_WARN_QUOTED_INCLUDE_IN_FRAMEWORK_HEADER = YES;
				CLANG_WARN_RANGE_LOOP_ANALYSIS = YES;
				CLANG_WARN_STRICT_PROTOTYPES = YES;
				CLANG_WARN_SUSPICIOUS_MOVE = YES;
				CLANG_WARN_UNGUARDED_AVAILABILITY = YES_AGGRESSIVE;
				CLANG_WARN_UNREACHABLE_CODE = YES;
				CLANG_WARN__DUPLICATE_METHOD_MATCH = YES;
				COPY_PHASE_STRIP = NO;
				DEBUG_INFORMATION_FORMAT = dwarf;
				ENABLE_STRICT_OBJC_MSGSEND = YES;
				ENABLE_TESTABILITY = YES;
				GCC_C_LANGUAGE_STANDARD = gnu11;
				GCC_DYNAMIC_NO_PIC = NO;
				GCC_NO_COMMON_BLOCKS = YES;
				GCC_OPTIMIZATION_LEVEL = 0;
				GCC_PREPROCESSOR_DEFINITIONS = (
					"DEBUG=1",
					"$(inherited)",
				);
				GCC_WARN_64_TO_32_BIT_CONVERSION = YES;
				GCC_WARN_ABOUT_RETURN_TYPE = YES_ERROR;
				GCC_WARN_UNDECLARED_SELECTOR = YES;
				GCC_WARN_UNINITIALIZED_AUTOS = YES_AGGRESSIVE;
				GCC_WARN_UNUSED_FUNCTION = YES;
				GCC_WARN_UNUSED_VARIABLE = YES;
				MTL_ENABLE_DEBUG_INFO = INCLUDE_SOURCE;
				MTL_FAST_MATH = YES;
				ONLY_ACTIVE_ARCH = YES;
				SWIFT_ACTIVE_COMPILATION_CONDITIONS = DEBUG;
				SWIFT_OPTIMIZATION_LEVEL = "-Onone";
			};
			name = Debug;
		};
		C24E093C262D382C00FFD5FE /* Release */ = {
			isa = XCBuildConfiguration;
			buildSettings = {
				ALWAYS_SEARCH_USER_PATHS = NO;
				CLANG_ANALYZER_NONNULL = YES;
				CLANG_ANALYZER_NUMBER_OBJECT_CONVERSION = YES_AGGRESSIVE;
				CLANG_CXX_LANGUAGE_STANDARD = "gnu++14";
				CLANG_CXX_LIBRARY = "libc++";
				CLANG_ENABLE_MODULES = YES;
				CLANG_ENABLE_OBJC_ARC = YES;
				CLANG_ENABLE_OBJC_WEAK = YES;
				CLANG_WARN_BLOCK_CAPTURE_AUTORELEASING = YES;
				CLANG_WARN_BOOL_CONVERSION = YES;
				CLANG_WARN_COMMA = YES;
				CLANG_WARN_CONSTANT_CONVERSION = YES;
				CLANG_WARN_DEPRECATED_OBJC_IMPLEMENTATIONS = YES;
				CLANG_WARN_DIRECT_OBJC_ISA_USAGE = YES_ERROR;
				CLANG_WARN_DOCUMENTATION_COMMENTS = YES;
				CLANG_WARN_EMPTY_BODY = YES;
				CLANG_WARN_ENUM_CONVERSION = YES;
				CLANG_WARN_INFINITE_RECURSION = YES;
				CLANG_WARN_INT_CONVERSION = YES;
				CLANG_WARN_NON_LITERAL_NULL_CONVERSION = YES;
				CLANG_WARN_OBJC_IMPLICIT_RETAIN_SELF = YES;
				CLANG_WARN_OBJC_LITERAL_CONVERSION = YES;
				CLANG_WARN_OBJC_ROOT_CLASS = YES_ERROR;
				CLANG_WARN_QUOTED_INCLUDE_IN_FRAMEWORK_HEADER = YES;
				CLANG_WARN_RANGE_LOOP_ANALYSIS = YES;
				CLANG_WARN_STRICT_PROTOTYPES = YES;
				CLANG_WARN_SUSPICIOUS_MOVE = YES;
				CLANG_WARN_UNGUARDED_AVAILABILITY = YES_AGGRESSIVE;
				CLANG_WARN_UNREACHABLE_CODE = YES;
				CLANG_WARN__DUPLICATE_METHOD_MATCH = YES;
				COPY_PHASE_STRIP = NO;
				DEBUG_INFORMATION_FORMAT = "dwarf-with-dsym";
				ENABLE_NS_ASSERTIONS = NO;
				ENABLE_STRICT_OBJC_MSGSEND = YES;
				GCC_C_LANGUAGE_STANDARD = gnu11;
				GCC_NO_COMMON_BLOCKS = YES;
				GCC_WARN_64_TO_32_BIT_CONVERSION = YES;
				GCC_WARN_ABOUT_RETURN_TYPE = YES_ERROR;
				GCC_WARN_UNDECLARED_SELECTOR = YES;
				GCC_WARN_UNINITIALIZED_AUTOS = YES_AGGRESSIVE;
				GCC_WARN_UNUSED_FUNCTION = YES;
				GCC_WARN_UNUSED_VARIABLE = YES;
				MTL_ENABLE_DEBUG_INFO = NO;
				MTL_FAST_MATH = YES;
				SWIFT_COMPILATION_MODE = wholemodule;
				SWIFT_OPTIMIZATION_LEVEL = "-O";
			};
			name = Release;
		};
		C24E093E262D382C00FFD5FE /* Debug */ = {
			isa = XCBuildConfiguration;
			buildSettings = {
				ASSETCATALOG_COMPILER_COMPLICATION_NAME = Complication;
				CODE_SIGN_STYLE = Automatic;
				DEVELOPMENT_ASSET_PATHS = "\"SwiftUIWatchConnectivity WatchKit Extension/Preview Content\"";
				DEVELOPMENT_TEAM = 79KCMPKE2A;
				ENABLE_PREVIEWS = YES;
				INFOPLIST_FILE = "SwiftUIWatchConnectivity WatchKit Extension/Info.plist";
				LD_RUNPATH_SEARCH_PATHS = (
					"$(inherited)",
					"@executable_path/Frameworks",
					"@executable_path/../../Frameworks",
				);
				PRODUCT_BUNDLE_IDENTIFIER = com.cgaafary.SwiftUIWatchConnectivity.watchkitapp.watchkitextension;
				PRODUCT_NAME = "${TARGET_NAME}";
				SDKROOT = watchos;
				SKIP_INSTALL = YES;
				SWIFT_VERSION = 5.0;
				TARGETED_DEVICE_FAMILY = 4;
				WATCHOS_DEPLOYMENT_TARGET = 7.4;
			};
			name = Debug;
		};
		C24E093F262D382C00FFD5FE /* Release */ = {
			isa = XCBuildConfiguration;
			buildSettings = {
				ASSETCATALOG_COMPILER_COMPLICATION_NAME = Complication;
				CODE_SIGN_STYLE = Automatic;
				DEVELOPMENT_ASSET_PATHS = "\"SwiftUIWatchConnectivity WatchKit Extension/Preview Content\"";
				DEVELOPMENT_TEAM = 79KCMPKE2A;
				ENABLE_PREVIEWS = YES;
				INFOPLIST_FILE = "SwiftUIWatchConnectivity WatchKit Extension/Info.plist";
				LD_RUNPATH_SEARCH_PATHS = (
					"$(inherited)",
					"@executable_path/Frameworks",
					"@executable_path/../../Frameworks",
				);
				PRODUCT_BUNDLE_IDENTIFIER = com.cgaafary.SwiftUIWatchConnectivity.watchkitapp.watchkitextension;
				PRODUCT_NAME = "${TARGET_NAME}";
				SDKROOT = watchos;
				SKIP_INSTALL = YES;
				SWIFT_VERSION = 5.0;
				TARGETED_DEVICE_FAMILY = 4;
				VALIDATE_PRODUCT = YES;
				WATCHOS_DEPLOYMENT_TARGET = 7.4;
			};
			name = Release;
		};
		C24E0942262D382C00FFD5FE /* Debug */ = {
			isa = XCBuildConfiguration;
			buildSettings = {
				ALWAYS_EMBED_SWIFT_STANDARD_LIBRARIES = YES;
				ASSETCATALOG_COMPILER_APPICON_NAME = AppIcon;
				ASSETCATALOG_COMPILER_GLOBAL_ACCENT_COLOR_NAME = AccentColor;
				CODE_SIGN_STYLE = Automatic;
				DEVELOPMENT_TEAM = 79KCMPKE2A;
				IBSC_MODULE = SwiftUIWatchConnectivity_WatchKit_Extension;
				INFOPLIST_FILE = "SwiftUIWatchConnectivity WatchKit App/Info.plist";
				PRODUCT_BUNDLE_IDENTIFIER = com.cgaafary.SwiftUIWatchConnectivity.watchkitapp;
				PRODUCT_NAME = "$(TARGET_NAME)";
				SDKROOT = watchos;
				SKIP_INSTALL = YES;
				SWIFT_VERSION = 5.0;
				TARGETED_DEVICE_FAMILY = 4;
				WATCHOS_DEPLOYMENT_TARGET = 7.4;
			};
			name = Debug;
		};
		C24E0943262D382C00FFD5FE /* Release */ = {
			isa = XCBuildConfiguration;
			buildSettings = {
				ALWAYS_EMBED_SWIFT_STANDARD_LIBRARIES = YES;
				ASSETCATALOG_COMPILER_APPICON_NAME = AppIcon;
				ASSETCATALOG_COMPILER_GLOBAL_ACCENT_COLOR_NAME = AccentColor;
				CODE_SIGN_STYLE = Automatic;
				DEVELOPMENT_TEAM = 79KCMPKE2A;
				IBSC_MODULE = SwiftUIWatchConnectivity_WatchKit_Extension;
				INFOPLIST_FILE = "SwiftUIWatchConnectivity WatchKit App/Info.plist";
				PRODUCT_BUNDLE_IDENTIFIER = com.cgaafary.SwiftUIWatchConnectivity.watchkitapp;
				PRODUCT_NAME = "$(TARGET_NAME)";
				SDKROOT = watchos;
				SKIP_INSTALL = YES;
				SWIFT_VERSION = 5.0;
				TARGETED_DEVICE_FAMILY = 4;
				VALIDATE_PRODUCT = YES;
				WATCHOS_DEPLOYMENT_TARGET = 7.4;
			};
			name = Release;
		};
		C24E0946262D382C00FFD5FE /* Debug */ = {
			isa = XCBuildConfiguration;
			buildSettings = {
				ASSETCATALOG_COMPILER_APPICON_NAME = AppIcon;
				ASSETCATALOG_COMPILER_GLOBAL_ACCENT_COLOR_NAME = AccentColor;
				CODE_SIGN_STYLE = Automatic;
				DEVELOPMENT_ASSET_PATHS = "\"SwiftUIWatchConnectivity/Preview Content\"";
				DEVELOPMENT_TEAM = 79KCMPKE2A;
				ENABLE_PREVIEWS = YES;
				INFOPLIST_FILE = SwiftUIWatchConnectivity/Info.plist;
				IPHONEOS_DEPLOYMENT_TARGET = 14.5;
				LD_RUNPATH_SEARCH_PATHS = (
					"$(inherited)",
					"@executable_path/Frameworks",
				);
				PRODUCT_BUNDLE_IDENTIFIER = com.cgaafary.SwiftUIWatchConnectivity;
				PRODUCT_NAME = "$(TARGET_NAME)";
				SDKROOT = iphoneos;
				SWIFT_VERSION = 5.0;
				TARGETED_DEVICE_FAMILY = "1,2";
			};
			name = Debug;
		};
		C24E0947262D382C00FFD5FE /* Release */ = {
			isa = XCBuildConfiguration;
			buildSettings = {
				ASSETCATALOG_COMPILER_APPICON_NAME = AppIcon;
				ASSETCATALOG_COMPILER_GLOBAL_ACCENT_COLOR_NAME = AccentColor;
				CODE_SIGN_STYLE = Automatic;
				DEVELOPMENT_ASSET_PATHS = "\"SwiftUIWatchConnectivity/Preview Content\"";
				DEVELOPMENT_TEAM = 79KCMPKE2A;
				ENABLE_PREVIEWS = YES;
				INFOPLIST_FILE = SwiftUIWatchConnectivity/Info.plist;
				IPHONEOS_DEPLOYMENT_TARGET = 14.5;
				LD_RUNPATH_SEARCH_PATHS = (
					"$(inherited)",
					"@executable_path/Frameworks",
				);
				PRODUCT_BUNDLE_IDENTIFIER = com.cgaafary.SwiftUIWatchConnectivity;
				PRODUCT_NAME = "$(TARGET_NAME)";
				SDKROOT = iphoneos;
				SWIFT_VERSION = 5.0;
				TARGETED_DEVICE_FAMILY = "1,2";
				VALIDATE_PRODUCT = YES;
			};
			name = Release;
		};
/* End XCBuildConfiguration section */

/* Begin XCConfigurationList section */
		C24E090A262D382A00FFD5FE /* Build configuration list for PBXProject "SwiftUIWatchConnectivity" */ = {
			isa = XCConfigurationList;
			buildConfigurations = (
				C24E093B262D382C00FFD5FE /* Debug */,
				C24E093C262D382C00FFD5FE /* Release */,
			);
			defaultConfigurationIsVisible = 0;
			defaultConfigurationName = Release;
		};
		C24E093D262D382C00FFD5FE /* Build configuration list for PBXNativeTarget "SwiftUIWatchConnectivity WatchKit Extension" */ = {
			isa = XCConfigurationList;
			buildConfigurations = (
				C24E093E262D382C00FFD5FE /* Debug */,
				C24E093F262D382C00FFD5FE /* Release */,
			);
			defaultConfigurationIsVisible = 0;
			defaultConfigurationName = Release;
		};
		C24E0941262D382C00FFD5FE /* Build configuration list for PBXNativeTarget "SwiftUIWatchConnectivity WatchKit App" */ = {
			isa = XCConfigurationList;
			buildConfigurations = (
				C24E0942262D382C00FFD5FE /* Debug */,
				C24E0943262D382C00FFD5FE /* Release */,
			);
			defaultConfigurationIsVisible = 0;
			defaultConfigurationName = Release;
		};
		C24E0945262D382C00FFD5FE /* Build configuration list for PBXNativeTarget "SwiftUIWatchConnectivity" */ = {
			isa = XCConfigurationList;
			buildConfigurations = (
				C24E0946262D382C00FFD5FE /* Debug */,
				C24E0947262D382C00FFD5FE /* Release */,
			);
			defaultConfigurationIsVisible = 0;
			defaultConfigurationName = Release;
		};
/* End XCConfigurationList section */
	};
	rootObject = C24E0907262D382A00FFD5FE /* Project object */;
}
